// !$*UTF8*$!
{
	archiveVersion = 1;
	classes = {
	};
	objectVersion = 50;
	objects = {

/* Begin PBXBuildFile section */
		F3328A2022D2B35A00186F37 /* AppDelegate.swift in Sources */ = {isa = PBXBuildFile; fileRef = F3328A1F22D2B35A00186F37 /* AppDelegate.swift */; };
		F3328A2222D2B35A00186F37 /* ViewController.swift in Sources */ = {isa = PBXBuildFile; fileRef = F3328A2122D2B35A00186F37 /* ViewController.swift */; };
		F3328A2522D2B35A00186F37 /* Main.storyboard in Resources */ = {isa = PBXBuildFile; fileRef = F3328A2322D2B35A00186F37 /* Main.storyboard */; };
		F3328A2722D2B35B00186F37 /* Assets.xcassets in Resources */ = {isa = PBXBuildFile; fileRef = F3328A2622D2B35B00186F37 /* Assets.xcassets */; };
		F3328A2A22D2B35B00186F37 /* LaunchScreen.storyboard in Resources */ = {isa = PBXBuildFile; fileRef = F3328A2822D2B35B00186F37 /* LaunchScreen.storyboard */; };
		F36ECE3222D2F6D90020AD99 /* CalculatorLogic.swift in Sources */ = {isa = PBXBuildFile; fileRef = F36ECE3122D2F6D90020AD99 /* CalculatorLogic.swift */; };
/* End PBXBuildFile section */

/* Begin PBXFileReference section */
		F3328A1C22D2B35A00186F37 /* FunctioningCalculator.app */ = {isa = PBXFileReference; explicitFileType = wrapper.application; includeInIndex = 0; path = FunctioningCalculator.app; sourceTree = BUILT_PRODUCTS_DIR; };
		F3328A1F22D2B35A00186F37 /* AppDelegate.swift */ = {isa = PBXFileReference; lastKnownFileType = sourcecode.swift; path = AppDelegate.swift; sourceTree = "<group>"; };
		F3328A2122D2B35A00186F37 /* ViewController.swift */ = {isa = PBXFileReference; lastKnownFileType = sourcecode.swift; path = ViewController.swift; sourceTree = "<group>"; };
		F3328A2422D2B35A00186F37 /* Base */ = {isa = PBXFileReference; lastKnownFileType = file.storyboard; name = Base; path = Base.lproj/Main.storyboard; sourceTree = "<group>"; };
		F3328A2622D2B35B00186F37 /* Assets.xcassets */ = {isa = PBXFileReference; lastKnownFileType = folder.assetcatalog; path = Assets.xcassets; sourceTree = "<group>"; };
		F3328A2922D2B35B00186F37 /* Base */ = {isa = PBXFileReference; lastKnownFileType = file.storyboard; name = Base; path = Base.lproj/LaunchScreen.storyboard; sourceTree = "<group>"; };
		F3328A2B22D2B35B00186F37 /* Info.plist */ = {isa = PBXFileReference; lastKnownFileType = text.plist.xml; path = Info.plist; sourceTree = "<group>"; };
		F36ECE3122D2F6D90020AD99 /* CalculatorLogic.swift */ = {isa = PBXFileReference; lastKnownFileType = sourcecode.swift; path = CalculatorLogic.swift; sourceTree = "<group>"; };
/* End PBXFileReference section */

/* Begin PBXFrameworksBuildPhase section */
		F3328A1922D2B35A00186F37 /* Frameworks */ = {
			isa = PBXFrameworksBuildPhase;
			buildActionMask = 2147483647;
			files = (
			);
			runOnlyForDeploymentPostprocessing = 0;
		};
/* End PBXFrameworksBuildPhase section */

/* Begin PBXGroup section */
		F3328A1322D2B35A00186F37 = {
			isa = PBXGroup;
			children = (
				F3328A1E22D2B35A00186F37 /* FunctioningCalculator */,
				F3328A1D22D2B35A00186F37 /* Products */,
			);
			sourceTree = "<group>";
		};
		F3328A1D22D2B35A00186F37 /* Products */ = {
			isa = PBXGroup;
			children = (
				F3328A1C22D2B35A00186F37 /* FunctioningCalculator.app */,
			);
			name = Products;
			sourceTree = "<group>";
		};
		F3328A1E22D2B35A00186F37 /* FunctioningCalculator */ = {
			isa = PBXGroup;
			children = (
				F36ECE3522D2F7070020AD99 /* Model */,
				F36ECE3422D2F6EF0020AD99 /* View */,
				F36ECE3322D2F6E30020AD99 /* Controller */,
				F3328A1F22D2B35A00186F37 /* AppDelegate.swift */,
				F3328A2622D2B35B00186F37 /* Assets.xcassets */,
				F3328A2822D2B35B00186F37 /* LaunchScreen.storyboard */,
				F3328A2B22D2B35B00186F37 /* Info.plist */,
			);
			path = FunctioningCalculator;
			sourceTree = "<group>";
		};
		F36ECE3322D2F6E30020AD99 /* Controller */ = {
			isa = PBXGroup;
			children = (
				F3328A2122D2B35A00186F37 /* ViewController.swift */,
				F36ECE3122D2F6D90020AD99 /* CalculatorLogic.swift */,
			);
			path = Controller;
			sourceTree = "<group>";
		};
		F36ECE3422D2F6EF0020AD99 /* View */ = {
			isa = PBXGroup;
			children = (
				F3328A2322D2B35A00186F37 /* Main.storyboard */,
			);
			path = View;
			sourceTree = "<group>";
		};
		F36ECE3522D2F7070020AD99 /* Model */ = {
			isa = PBXGroup;
			children = (
			);
			path = Model;
			sourceTree = "<group>";
		};
/* End PBXGroup section */

/* Begin PBXNativeTarget section */
		F3328A1B22D2B35A00186F37 /* FunctioningCalculator */ = {
			isa = PBXNativeTarget;
			buildConfigurationList = F3328A2E22D2B35B00186F37 /* Build configuration list for PBXNativeTarget "FunctioningCalculator" */;
			buildPhases = (
				F3328A1822D2B35A00186F37 /* Sources */,
				F3328A1922D2B35A00186F37 /* Frameworks */,
				F3328A1A22D2B35A00186F37 /* Resources */,
			);
			buildRules = (
			);
			dependencies = (
			);
			name = FunctioningCalculator;
			productName = FunctioningCalculator;
			productReference = F3328A1C22D2B35A00186F37 /* FunctioningCalculator.app */;
			productType = "com.apple.product-type.application";
		};
/* End PBXNativeTarget section */

/* Begin PBXProject section */
		F3328A1422D2B35A00186F37 /* Project object */ = {
			isa = PBXProject;
			attributes = {
				LastSwiftUpdateCheck = 1020;
				LastUpgradeCheck = 1020;
				ORGANIZATIONNAME = "Ben Wong";
				TargetAttributes = {
					F3328A1B22D2B35A00186F37 = {
						CreatedOnToolsVersion = 10.2.1;
					};
				};
			};
			buildConfigurationList = F3328A1722D2B35A00186F37 /* Build configuration list for PBXProject "FunctioningCalculator" */;
			compatibilityVersion = "Xcode 9.3";
			developmentRegion = en;
			hasScannedForEncodings = 0;
			knownRegions = (
				en,
				Base,
			);
			mainGroup = F3328A1322D2B35A00186F37;
			productRefGroup = F3328A1D22D2B35A00186F37 /* Products */;
			projectDirPath = "";
			projectRoot = "";
			targets = (
				F3328A1B22D2B35A00186F37 /* FunctioningCalculator */,
			);
		};
/* End PBXProject section */

/* Begin PBXResourcesBuildPhase section */
		F3328A1A22D2B35A00186F37 /* Resources */ = {
			isa = PBXResourcesBuildPhase;
			buildActionMask = 2147483647;
			files = (
				F3328A2A22D2B35B00186F37 /* LaunchScreen.storyboard in Resources */,
				F3328A2722D2B35B00186F37 /* Assets.xcassets in Resources */,
				F3328A2522D2B35A00186F37 /* Main.storyboard in Resources */,
			);
			runOnlyForDeploymentPostprocessing = 0;
		};
/* End PBXResourcesBuildPhase section */

/* Begin PBXSourcesBuildPhase section */
		F3328A1822D2B35A00186F37 /* Sources */ = {
			isa = PBXSourcesBuildPhase;
			buildActionMask = 2147483647;
			files = (
				F3328A2222D2B35A00186F37 /* ViewController.swift in Sources */,
				F3328A2022D2B35A00186F37 /* AppDelegate.swift in Sources */,
				F36ECE3222D2F6D90020AD99 /* CalculatorLogic.swift in Sources */,
			);
			runOnlyForDeploymentPostprocessing = 0;
		};
/* End PBXSourcesBuildPhase section */

/* Begin PBXVariantGroup section */
		F3328A2322D2B35A00186F37 /* Main.storyboard */ = {
			isa = PBXVariantGroup;
			children = (
				F3328A2422D2B35A00186F37 /* Base */,
			);
			name = Main.storyboard;
			sourceTree = "<group>";
		};
		F3328A2822D2B35B00186F37 /* LaunchScreen.storyboard */ = {
			isa = PBXVariantGroup;
			children = (
				F3328A2922D2B35B00186F37 /* Base */,
			);
			name = LaunchScreen.storyboard;
			sourceTree = "<group>";
		};
/* End PBXVariantGroup section */

/* Begin XCBuildConfiguration section */
		F3328A2C22D2B35B00186F37 /* Debug */ = {
			isa = XCBuildConfiguration;
			buildSettings = {
				ALWAYS_SEARCH_USER_PATHS = NO;
				CLANG_ANALYZER_NONNULL = YES;
				CLANG_ANALYZER_NUMBER_OBJECT_CONVERSION = YES_AGGRESSIVE;
				CLANG_CXX_LANGUAGE_STANDARD = "gnu++14";
				CLANG_CXX_LIBRARY = "libc++";
				CLANG_ENABLE_MODULES = YES;
				CLANG_ENABLE_OBJC_ARC = YES;
				CLANG_ENABLE_OBJC_WEAK = YES;
				CLANG_WARN_BLOCK_CAPTURE_AUTORELEASING = YES;
				CLANG_WARN_BOOL_CONVERSION = YES;
				CLANG_WARN_COMMA = YES;
				CLANG_WARN_CONSTANT_CONVERSION = YES;
				CLANG_WARN_DEPRECATED_OBJC_IMPLEMENTATIONS = YES;
				CLANG_WARN_DIRECT_OBJC_ISA_USAGE = YES_ERROR;
				CLANG_WARN_DOCUMENTATION_COMMENTS = YES;
				CLANG_WARN_EMPTY_BODY = YES;
				CLANG_WARN_ENUM_CONVERSION = YES;
				CLANG_WARN_INFINITE_RECURSION = YES;
				CLANG_WARN_INT_CONVERSION = YES;
				CLANG_WARN_NON_LITERAL_NULL_CONVERSION = YES;
				CLANG_WARN_OBJC_IMPLICIT_RETAIN_SELF = YES;
				CLANG_WARN_OBJC_LITERAL_CONVERSION = YES;
				CLANG_WARN_OBJC_ROOT_CLASS = YES_ERROR;
				CLANG_WARN_RANGE_LOOP_ANALYSIS = YES;
				CLANG_WARN_STRICT_PROTOTYPES = YES;
				CLANG_WARN_SUSPICIOUS_MOVE = YES;
				CLANG_WARN_UNGUARDED_AVAILABILITY = YES_AGGRESSIVE;
				CLANG_WARN_UNREACHABLE_CODE = YES;
				CLANG_WARN__DUPLICATE_METHOD_MATCH = YES;
				CODE_SIGN_IDENTITY = "iPhone Developer";
				COPY_PHASE_STRIP = NO;
				DEBUG_INFORMATION_FORMAT = dwarf;
				ENABLE_STRICT_OBJC_MSGSEND = YES;
				ENABLE_TESTABILITY = YES;
				GCC_C_LANGUAGE_STANDARD = gnu11;
				GCC_DYNAMIC_NO_PIC = NO;
				GCC_NO_COMMON_BLOCKS = YES;
				GCC_OPTIMIZATION_LEVEL = 0;
				GCC_PREPROCESSOR_DEFINITIONS = (
					"DEBUG=1",
					"$(inherited)",
				);
				GCC_WARN_64_TO_32_BIT_CONVERSION = YES;
				GCC_WARN_ABOUT_RETURN_TYPE = YES_ERROR;
				GCC_WARN_UNDECLARED_SELECTOR = YES;
				GCC_WARN_UNINITIALIZED_AUTOS = YES_AGGRESSIVE;
				GCC_WARN_UNUSED_FUNCTION = YES;
				GCC_WARN_UNUSED_VARIABLE = YES;
				IPHONEOS_DEPLOYMENT_TARGET = 12.2;
				MTL_ENABLE_DEBUG_INFO = INCLUDE_SOURCE;
				MTL_FAST_MATH = YES;
				ONLY_ACTIVE_ARCH = YES;
				SDKROOT = iphoneos;
				SWIFT_ACTIVE_COMPILATION_CONDITIONS = DEBUG;
				SWIFT_OPTIMIZATION_LEVEL = "-Onone";
			};
			name = Debug;
		};
		F3328A2D22D2B35B00186F37 /* Release */ = {
			isa = XCBuildConfiguration;
			buildSettings = {
				ALWAYS_SEARCH_USER_PATHS = NO;
				CLANG_ANALYZER_NONNULL = YES;
				CLANG_ANALYZER_NUMBER_OBJECT_CONVERSION = YES_AGGRESSIVE;
				CLANG_CXX_LANGUAGE_STANDARD = "gnu++14";
				CLANG_CXX_LIBRARY = "libc++";
				CLANG_ENABLE_MODULES = YES;
				CLANG_ENABLE_OBJC_ARC = YES;
				CLANG_ENABLE_OBJC_WEAK = YES;
				CLANG_WARN_BLOCK_CAPTURE_AUTORELEASING = YES;
				CLANG_WARN_BOOL_CONVERSION = YES;
				CLANG_WARN_COMMA = YES;
				CLANG_WARN_CONSTANT_CONVERSION = YES;
				CLANG_WARN_DEPRECATED_OBJC_IMPLEMENTATIONS = YES;
				CLANG_WARN_DIRECT_OBJC_ISA_USAGE = YES_ERROR;
				CLANG_WARN_DOCUMENTATION_COMMENTS = YES;
				CLANG_WARN_EMPTY_BODY = YES;
				CLANG_WARN_ENUM_CONVERSION = YES;
				CLANG_WARN_INFINITE_RECURSION = YES;
				CLANG_WARN_INT_CONVERSION = YES;
				CLANG_WARN_NON_LITERAL_NULL_CONVERSION = YES;
				CLANG_WARN_OBJC_IMPLICIT_RETAIN_SELF = YES;
				CLANG_WARN_OBJC_LITERAL_CONVERSION = YES;
				CLANG_WARN_OBJC_ROOT_CLASS = YES_ERROR;
				CLANG_WARN_RANGE_LOOP_ANALYSIS = YES;
				CLANG_WARN_STRICT_PROTOTYPES = YES;
				CLANG_WARN_SUSPICIOUS_MOVE = YES;
				CLANG_WARN_UNGUARDED_AVAILABILITY = YES_AGGRESSIVE;
				CLANG_WARN_UNREACHABLE_CODE = YES;
				CLANG_WARN__DUPLICATE_METHOD_MATCH = YES;
				CODE_SIGN_IDENTITY = "iPhone Developer";
				COPY_PHASE_STRIP = NO;
				DEBUG_INFORMATION_FORMAT = "dwarf-with-dsym";
				ENABLE_NS_ASSERTIONS = NO;
				ENABLE_STRICT_OBJC_MSGSEND = YES;
				GCC_C_LANGUAGE_STANDARD = gnu11;
				GCC_NO_COMMON_BLOCKS = YES;
				GCC_WARN_64_TO_32_BIT_CONVERSION = YES;
				GCC_WARN_ABOUT_RETURN_TYPE = YES_ERROR;
				GCC_WARN_UNDECLARED_SELECTOR = YES;
				GCC_WARN_UNINITIALIZED_AUTOS = YES_AGGRESSIVE;
				GCC_WARN_UNUSED_FUNCTION = YES;
				GCC_WARN_UNUSED_VARIABLE = YES;
				IPHONEOS_DEPLOYMENT_TARGET = 12.2;
				MTL_ENABLE_DEBUG_INFO = NO;
				MTL_FAST_MATH = YES;
				SDKROOT = iphoneos;
				SWIFT_COMPILATION_MODE = wholemodule;
				SWIFT_OPTIMIZATION_LEVEL = "-O";
				VALIDATE_PRODUCT = YES;
			};
			name = Release;
		};
		F3328A2F22D2B35B00186F37 /* Debug */ = {
			isa = XCBuildConfiguration;
			buildSettings = {
				ASSETCATALOG_COMPILER_APPICON_NAME = AppIcon;
				CODE_SIGN_STYLE = Automatic;
				INFOPLIST_FILE = FunctioningCalculator/Info.plist;
				LD_RUNPATH_SEARCH_PATHS = (
					"$(inherited)",
					"@executable_path/Frameworks",
				);
				PRODUCT_BUNDLE_IDENTIFIER = com.BenWong.FunctioningCalculator;
				PRODUCT_NAME = "$(TARGET_NAME)";
				SWIFT_VERSION = 5.0;
				TARGETED_DEVICE_FAMILY = 1;
			};
			name = Debug;
		};
		F3328A3022D2B35B00186F37 /* Release */ = {
			isa = XCBuildConfiguration;
			buildSettings = {
				ASSETCATALOG_COMPILER_APPICON_NAME = AppIcon;
				CODE_SIGN_STYLE = Automatic;
				INFOPLIST_FILE = FunctioningCalculator/Info.plist;
				LD_RUNPATH_SEARCH_PATHS = (
					"$(inherited)",
					"@executable_path/Frameworks",
				);
				PRODUCT_BUNDLE_IDENTIFIER = com.BenWong.FunctioningCalculator;
				PRODUCT_NAME = "$(TARGET_NAME)";
				SWIFT_VERSION = 5.0;
				TARGETED_DEVICE_FAMILY = 1;
			};
			name = Release;
		};
/* End XCBuildConfiguration section */

/* Begin XCConfigurationList section */
		F3328A1722D2B35A00186F37 /* Build configuration list for PBXProject "FunctioningCalculator" */ = {
			isa = XCConfigurationList;
			buildConfigurations = (
				F3328A2C22D2B35B00186F37 /* Debug */,
				F3328A2D22D2B35B00186F37 /* Release */,
			);
			defaultConfigurationIsVisible = 0;
			defaultConfigurationName = Release;
		};
		F3328A2E22D2B35B00186F37 /* Build configuration list for PBXNativeTarget "FunctioningCalculator" */ = {
			isa = XCConfigurationList;
			buildConfigurations = (
				F3328A2F22D2B35B00186F37 /* Debug */,
				F3328A3022D2B35B00186F37 /* Release */,
			);
			defaultConfigurationIsVisible = 0;
			defaultConfigurationName = Release;
		};
/* End XCConfigurationList section */
	};
	rootObject = F3328A1422D2B35A00186F37 /* Project object */;
}
